
Microsoft Visual Studio Solution File, Format Version 12.00
# Visual Studio 15
VisualStudioVersion = 15.0.26430.16
MinimumVisualStudioVersion = 10.0.40219.1
Project("{FAE04EC0-301F-11D3-BF4B-00C04F79EFBC}") = "EdgeManage", "EdgeManage.csproj", "{605E31C8-8AFE-489F-BCAB-C07F72632E43}"
EndProject
Global
	GlobalSection(SolutionConfigurationPlatforms) = preSolution
		CD_ROM|Any CPU = CD_ROM|Any CPU
		Debug|Any CPU = Debug|Any CPU
		DVD-5|Any CPU = DVD-5|Any CPU
		Release|Any CPU = Release|Any CPU
		SingleImage|Any CPU = SingleImage|Any CPU
	EndGlobalSection
	GlobalSection(ProjectConfigurationPlatforms) = postSolution
		{605E31C8-8AFE-489F-BCAB-C07F72632E43}.CD_ROM|Any CPU.ActiveCfg = Release|Any CPU
		{605E31C8-8AFE-489F-BCAB-C07F72632E43}.CD_ROM|Any CPU.Build.0 = Release|Any CPU
		{605E31C8-8AFE-489F-BCAB-C07F72632E43}.Debug|Any CPU.ActiveCfg = Debug|Any CPU
		{605E31C8-8AFE-489F-BCAB-C07F72632E43}.Debug|Any CPU.Build.0 = Debug|Any CPU
		{605E31C8-8AFE-489F-BCAB-C07F72632E43}.DVD-5|Any CPU.ActiveCfg = Debug|Any CPU
		{605E31C8-8AFE-489F-BCAB-C07F72632E43}.DVD-5|Any CPU.Build.0 = Debug|Any CPU
		{605E31C8-8AFE-489F-BCAB-C07F72632E43}.Release|Any CPU.ActiveCfg = Release|Any CPU
		{605E31C8-8AFE-489F-BCAB-C07F72632E43}.Release|Any CPU.Build.0 = Release|Any CPU
		{605E31C8-8AFE-489F-BCAB-C07F72632E43}.SingleImage|Any CPU.ActiveCfg = Release|Any CPU
		{605E31C8-8AFE-489F-BCAB-C07F72632E43}.SingleImage|Any CPU.Build.0 = Release|Any CPU
	EndGlobalSection
	GlobalSection(SolutionProperties) = preSolution
		HideSolutionNode = FALSE
	EndGlobalSection
EndGlobal
